
Microsoft Visual Studio Solution File, Format Version 12.00
# Visual Studio Version 16
VisualStudioVersion = 16.0.30406.217
MinimumVisualStudioVersion = 10.0.40219.1
Project("{9A19103F-16F7-4668-BE54-9A1E7A4F7556}") = "Core", "Core\Core.csproj", "{DE239148-F9F4-4EDD-9AE0-02A36D195FE4}"
EndProject
Project("{9A19103F-16F7-4668-BE54-9A1E7A4F7556}") = "Domain", "Domain\Domain.csproj", "{5C21A21A-E6CB-4EAD-B90E-8A99FFEDCBC2}"
EndProject
Project("{9A19103F-16F7-4668-BE54-9A1E7A4F7556}") = "DomainTests", "UnitTests\DomainTests.csproj", "{73BD74C2-B9FD-416A-B2E8-F706EB795B49}"
EndProject
Project("{9A19103F-16F7-4668-BE54-9A1E7A4F7556}") = "Infrastructure", "Infrastructure\Infrastructure.csproj", "{7A59FCC3-E7A9-4A0A-B1BD-EB2CD97410D9}"
EndProject
Project("{9A19103F-16F7-4668-BE54-9A1E7A4F7556}") = "Console", "Console\Console.csproj", "{CD3E9A4E-FDB1-4FD3-8283-CDDCCA6906CA}"
EndProject
Global
	GlobalSection(SolutionConfigurationPlatforms) = preSolution
		Debug|Any CPU = Debug|Any CPU
		Release|Any CPU = Release|Any CPU
	EndGlobalSection
	GlobalSection(ProjectConfigurationPlatforms) = postSolution
		{DE239148-F9F4-4EDD-9AE0-02A36D195FE4}.Debug|Any CPU.ActiveCfg = Debug|Any CPU
		{DE239148-F9F4-4EDD-9AE0-02A36D195FE4}.Debug|Any CPU.Build.0 = Debug|Any CPU
		{DE239148-F9F4-4EDD-9AE0-02A36D195FE4}.Release|Any CPU.ActiveCfg = Release|Any CPU
		{DE239148-F9F4-4EDD-9AE0-02A36D195FE4}.Release|Any CPU.Build.0 = Release|Any CPU
		{5C21A21A-E6CB-4EAD-B90E-8A99FFEDCBC2}.Debug|Any CPU.ActiveCfg = Debug|Any CPU
		{5C21A21A-E6CB-4EAD-B90E-8A99FFEDCBC2}.Debug|Any CPU.Build.0 = Debug|Any CPU
		{5C21A21A-E6CB-4EAD-B90E-8A99FFEDCBC2}.Release|Any CPU.ActiveCfg = Release|Any CPU
		{5C21A21A-E6CB-4EAD-B90E-8A99FFEDCBC2}.Release|Any CPU.Build.0 = Release|Any CPU
		{73BD74C2-B9FD-416A-B2E8-F706EB795B49}.Debug|Any CPU.ActiveCfg = Debug|Any CPU
		{73BD74C2-B9FD-416A-B2E8-F706EB795B49}.Debug|Any CPU.Build.0 = Debug|Any CPU
		{73BD74C2-B9FD-416A-B2E8-F706EB795B49}.Release|Any CPU.ActiveCfg = Release|Any CPU
		{73BD74C2-B9FD-416A-B2E8-F706EB795B49}.Release|Any CPU.Build.0 = Release|Any CPU
		{7A59FCC3-E7A9-4A0A-B1BD-EB2CD97410D9}.Debug|Any CPU.ActiveCfg = Debug|Any CPU
		{7A59FCC3-E7A9-4A0A-B1BD-EB2CD97410D9}.Debug|Any CPU.Build.0 = Debug|Any CPU
		{7A59FCC3-E7A9-4A0A-B1BD-EB2CD97410D9}.Release|Any CPU.ActiveCfg = Release|Any CPU
		{7A59FCC3-E7A9-4A0A-B1BD-EB2CD97410D9}.Release|Any CPU.Build.0 = Release|Any CPU
		{CD3E9A4E-FDB1-4FD3-8283-CDDCCA6906CA}.Debug|Any CPU.ActiveCfg = Debug|Any CPU
		{CD3E9A4E-FDB1-4FD3-8283-CDDCCA6906CA}.Debug|Any CPU.Build.0 = Debug|Any CPU
		{CD3E9A4E-FDB1-4FD3-8283-CDDCCA6906CA}.Release|Any CPU.ActiveCfg = Release|Any CPU
		{CD3E9A4E-FDB1-4FD3-8283-CDDCCA6906CA}.Release|Any CPU.Build.0 = Release|Any CPU
	EndGlobalSection
	GlobalSection(SolutionProperties) = preSolution
		HideSolutionNode = FALSE
	EndGlobalSection
	GlobalSection(ExtensibilityGlobals) = postSolution
		SolutionGuid = {FE28E5A0-9CCE-4104-A23B-C6756B2F2FB8}
	EndGlobalSection
EndGlobal
